
Microsoft Visual Studio Solution File, Format Version 12.00
# Visual Studio Version 16
VisualStudioVersion = 16.0.32428.217
MinimumVisualStudioVersion = 10.0.40219.1
Project("{FAE04EC0-301F-11D3-BF4B-00C04F79EFBC}") = "NguyenBinhMinh_Bigschool", "NguyenBinhMinh_Bigschool\NguyenBinhMinh_Bigschool.csproj", "{4BAF1320-EF60-4438-9A4F-FCBE09AF83D5}"
EndProject
Global
	GlobalSection(SolutionConfigurationPlatforms) = preSolution
		Debug|Any CPU = Debug|Any CPU
		Release|Any CPU = Release|Any CPU
	EndGlobalSection
	GlobalSection(ProjectConfigurationPlatforms) = postSolution
		{4BAF1320-EF60-4438-9A4F-FCBE09AF83D5}.Debug|Any CPU.ActiveCfg = Debug|Any CPU
		{4BAF1320-EF60-4438-9A4F-FCBE09AF83D5}.Debug|Any CPU.Build.0 = Debug|Any CPU
		{4BAF1320-EF60-4438-9A4F-FCBE09AF83D5}.Release|Any CPU.ActiveCfg = Release|Any CPU
		{4BAF1320-EF60-4438-9A4F-FCBE09AF83D5}.Release|Any CPU.Build.0 = Release|Any CPU
	EndGlobalSection
	GlobalSection(SolutionProperties) = preSolution
		HideSolutionNode = FALSE
	EndGlobalSection
	GlobalSection(ExtensibilityGlobals) = postSolution
		SolutionGuid = {5D81433F-3481-408D-B6C2-1BBD8DB504F7}
	EndGlobalSection
EndGlobal
